
Microsoft Visual Studio Solution File, Format Version 12.00
# Visual Studio Version 17
VisualStudioVersion = 17.4.33213.308
MinimumVisualStudioVersion = 10.0.40219.1
Project("{9A19103F-16F7-4668-BE54-9A1E7A4F7556}") = "WSOA.Server", "WSOA\Server\WSOA.Server.csproj", "{CEC66D52-DA2D-4B44-A85B-AACF5B8739B1}"
EndProject
Project("{9A19103F-16F7-4668-BE54-9A1E7A4F7556}") = "WSOA.Client", "WSOA\Client\WSOA.Client.csproj", "{6C747386-0C49-4F1D-AB90-CE7439EAE535}"
EndProject
Project("{9A19103F-16F7-4668-BE54-9A1E7A4F7556}") = "WSOA.Shared", "WSOA\Shared\WSOA.Shared.csproj", "{A1AF768D-75DC-415A-A179-F0996487FDBD}"
EndProject
Project("{9A19103F-16F7-4668-BE54-9A1E7A4F7556}") = "WSOA.Business", "WSOA\Business\WSOA.Business.csproj", "{BA0EA88E-F640-4570-9E2F-B51700C80BB2}"
EndProject
Project("{9A19103F-16F7-4668-BE54-9A1E7A4F7556}") = "WSOA.DataAccess", "WSOA\DataAccess\WSOA.DataAccess.csproj", "{05E42574-E514-4C50-A89C-C82930C3F0DB}"
EndProject
Global
	GlobalSection(SolutionConfigurationPlatforms) = preSolution
		Debug|Any CPU = Debug|Any CPU
		Release|Any CPU = Release|Any CPU
	EndGlobalSection
	GlobalSection(ProjectConfigurationPlatforms) = postSolution
		{CEC66D52-DA2D-4B44-A85B-AACF5B8739B1}.Debug|Any CPU.ActiveCfg = Debug|Any CPU
		{CEC66D52-DA2D-4B44-A85B-AACF5B8739B1}.Debug|Any CPU.Build.0 = Debug|Any CPU
		{CEC66D52-DA2D-4B44-A85B-AACF5B8739B1}.Release|Any CPU.ActiveCfg = Release|Any CPU
		{CEC66D52-DA2D-4B44-A85B-AACF5B8739B1}.Release|Any CPU.Build.0 = Release|Any CPU
		{6C747386-0C49-4F1D-AB90-CE7439EAE535}.Debug|Any CPU.ActiveCfg = Debug|Any CPU
		{6C747386-0C49-4F1D-AB90-CE7439EAE535}.Debug|Any CPU.Build.0 = Debug|Any CPU
		{6C747386-0C49-4F1D-AB90-CE7439EAE535}.Release|Any CPU.ActiveCfg = Release|Any CPU
		{6C747386-0C49-4F1D-AB90-CE7439EAE535}.Release|Any CPU.Build.0 = Release|Any CPU
		{A1AF768D-75DC-415A-A179-F0996487FDBD}.Debug|Any CPU.ActiveCfg = Debug|Any CPU
		{A1AF768D-75DC-415A-A179-F0996487FDBD}.Debug|Any CPU.Build.0 = Debug|Any CPU
		{A1AF768D-75DC-415A-A179-F0996487FDBD}.Release|Any CPU.ActiveCfg = Release|Any CPU
		{A1AF768D-75DC-415A-A179-F0996487FDBD}.Release|Any CPU.Build.0 = Release|Any CPU
		{BA0EA88E-F640-4570-9E2F-B51700C80BB2}.Debug|Any CPU.ActiveCfg = Debug|Any CPU
		{BA0EA88E-F640-4570-9E2F-B51700C80BB2}.Debug|Any CPU.Build.0 = Debug|Any CPU
		{BA0EA88E-F640-4570-9E2F-B51700C80BB2}.Release|Any CPU.ActiveCfg = Release|Any CPU
		{BA0EA88E-F640-4570-9E2F-B51700C80BB2}.Release|Any CPU.Build.0 = Release|Any CPU
		{05E42574-E514-4C50-A89C-C82930C3F0DB}.Debug|Any CPU.ActiveCfg = Debug|Any CPU
		{05E42574-E514-4C50-A89C-C82930C3F0DB}.Debug|Any CPU.Build.0 = Debug|Any CPU
		{05E42574-E514-4C50-A89C-C82930C3F0DB}.Release|Any CPU.ActiveCfg = Release|Any CPU
		{05E42574-E514-4C50-A89C-C82930C3F0DB}.Release|Any CPU.Build.0 = Release|Any CPU
	EndGlobalSection
	GlobalSection(SolutionProperties) = preSolution
		HideSolutionNode = FALSE
	EndGlobalSection
	GlobalSection(ExtensibilityGlobals) = postSolution
		SolutionGuid = {8C33F4FD-28E5-407A-861E-E5D85E1CB5EF}
	EndGlobalSection
EndGlobal
